
Microsoft Visual Studio Solution File, Format Version 12.00
# Visual Studio 2012
Project("{FAE04EC0-301F-11D3-BF4B-00C04F79EFBC}") = "ARMC", "ARMC\ARMC.csproj", "{D9D921A7-F5BD-4E8F-B592-99E7C01A4CC3}"
EndProject
Project("{FAE04EC0-301F-11D3-BF4B-00C04F79EFBC}") = "ARMC.Console", "ARMC.Console\ARMC.Console.csproj", "{4F658785-62BA-4848-AF97-3DF4923C8EA7}"
EndProject
Project("{FAE04EC0-301F-11D3-BF4B-00C04F79EFBC}") = "Automata", "ARMC\Automata\Automata.csproj", "{BC861E29-027D-4AC6-AB24-A7B0CD0FB5E8}"
EndProject
Global
	GlobalSection(SolutionConfigurationPlatforms) = preSolution
		Debug|Any CPU = Debug|Any CPU
		Release|Any CPU = Release|Any CPU
		Debug|x64 = Debug|x64
		Release|x64 = Release|x64
		Debug|x86 = Debug|x86
		Release|x86 = Release|x86
	EndGlobalSection
	GlobalSection(ProjectConfigurationPlatforms) = postSolution
		{4F658785-62BA-4848-AF97-3DF4923C8EA7}.Debug|Any CPU.ActiveCfg = Debug|Any CPU
		{4F658785-62BA-4848-AF97-3DF4923C8EA7}.Debug|Any CPU.Build.0 = Debug|Any CPU
		{4F658785-62BA-4848-AF97-3DF4923C8EA7}.Debug|x64.ActiveCfg = Debug|Any CPU
		{4F658785-62BA-4848-AF97-3DF4923C8EA7}.Debug|x64.Build.0 = Debug|Any CPU
		{4F658785-62BA-4848-AF97-3DF4923C8EA7}.Debug|x86.ActiveCfg = Debug|Any CPU
		{4F658785-62BA-4848-AF97-3DF4923C8EA7}.Debug|x86.Build.0 = Debug|Any CPU
		{4F658785-62BA-4848-AF97-3DF4923C8EA7}.Release|Any CPU.ActiveCfg = Release|Any CPU
		{4F658785-62BA-4848-AF97-3DF4923C8EA7}.Release|Any CPU.Build.0 = Release|Any CPU
		{4F658785-62BA-4848-AF97-3DF4923C8EA7}.Release|x64.ActiveCfg = Release|Any CPU
		{4F658785-62BA-4848-AF97-3DF4923C8EA7}.Release|x64.Build.0 = Release|Any CPU
		{4F658785-62BA-4848-AF97-3DF4923C8EA7}.Release|x86.ActiveCfg = Release|Any CPU
		{4F658785-62BA-4848-AF97-3DF4923C8EA7}.Release|x86.Build.0 = Release|Any CPU
		{BC861E29-027D-4AC6-AB24-A7B0CD0FB5E8}.Debug|Any CPU.ActiveCfg = Debug|Any CPU
		{BC861E29-027D-4AC6-AB24-A7B0CD0FB5E8}.Debug|Any CPU.Build.0 = Debug|Any CPU
		{BC861E29-027D-4AC6-AB24-A7B0CD0FB5E8}.Debug|x64.ActiveCfg = Debug|x64
		{BC861E29-027D-4AC6-AB24-A7B0CD0FB5E8}.Debug|x64.Build.0 = Debug|x64
		{BC861E29-027D-4AC6-AB24-A7B0CD0FB5E8}.Debug|x86.ActiveCfg = Debug|x86
		{BC861E29-027D-4AC6-AB24-A7B0CD0FB5E8}.Debug|x86.Build.0 = Debug|x86
		{BC861E29-027D-4AC6-AB24-A7B0CD0FB5E8}.Release|Any CPU.ActiveCfg = Release|Any CPU
		{BC861E29-027D-4AC6-AB24-A7B0CD0FB5E8}.Release|Any CPU.Build.0 = Release|Any CPU
		{BC861E29-027D-4AC6-AB24-A7B0CD0FB5E8}.Release|x64.ActiveCfg = Release|x64
		{BC861E29-027D-4AC6-AB24-A7B0CD0FB5E8}.Release|x64.Build.0 = Release|x64
		{BC861E29-027D-4AC6-AB24-A7B0CD0FB5E8}.Release|x86.ActiveCfg = Release|x86
		{BC861E29-027D-4AC6-AB24-A7B0CD0FB5E8}.Release|x86.Build.0 = Release|x86
		{D9D921A7-F5BD-4E8F-B592-99E7C01A4CC3}.Debug|Any CPU.ActiveCfg = Debug|Any CPU
		{D9D921A7-F5BD-4E8F-B592-99E7C01A4CC3}.Debug|Any CPU.Build.0 = Debug|Any CPU
		{D9D921A7-F5BD-4E8F-B592-99E7C01A4CC3}.Debug|x64.ActiveCfg = Debug|Any CPU
		{D9D921A7-F5BD-4E8F-B592-99E7C01A4CC3}.Debug|x64.Build.0 = Debug|Any CPU
		{D9D921A7-F5BD-4E8F-B592-99E7C01A4CC3}.Debug|x86.ActiveCfg = Debug|Any CPU
		{D9D921A7-F5BD-4E8F-B592-99E7C01A4CC3}.Debug|x86.Build.0 = Debug|Any CPU
		{D9D921A7-F5BD-4E8F-B592-99E7C01A4CC3}.Release|Any CPU.ActiveCfg = Release|Any CPU
		{D9D921A7-F5BD-4E8F-B592-99E7C01A4CC3}.Release|Any CPU.Build.0 = Release|Any CPU
		{D9D921A7-F5BD-4E8F-B592-99E7C01A4CC3}.Release|x64.ActiveCfg = Release|Any CPU
		{D9D921A7-F5BD-4E8F-B592-99E7C01A4CC3}.Release|x64.Build.0 = Release|Any CPU
		{D9D921A7-F5BD-4E8F-B592-99E7C01A4CC3}.Release|x86.ActiveCfg = Release|Any CPU
		{D9D921A7-F5BD-4E8F-B592-99E7C01A4CC3}.Release|x86.Build.0 = Release|Any CPU
	EndGlobalSection
EndGlobal
